{
  "name": "fullstackApp",
  "lockfileVersion": 3,
  "requires": true,
  "packages": {
    "": {
      "dependencies": {
        "@tanstack/react-query": "^5.66.0",
        "@tanstack/react-query-devtools": "^5.66.0",
        "framer-motion": "^12.4.1"
      }
    },
    "node_modules/@tanstack/query-core": {
      "version": "5.66.0",
      "resolved": "https://registry.npmjs.org/@tanstack/query-core/-/query-core-5.66.0.tgz",
      "integrity": "sha512-J+JeBtthiKxrpzUu7rfIPDzhscXF2p5zE/hVdrqkACBP8Yu0M96mwJ5m/8cPPYQE9aRNvXztXHlNwIh4FEeMZw==",
      "license": "MIT",
      "funding": {
        "type": "github",
        "url": "https://github.com/sponsors/tannerlinsley"
      }
    },
    "node_modules/@tanstack/query-devtools": {
      "version": "5.65.0",
      "resolved": "https://registry.npmjs.org/@tanstack/query-devtools/-/query-devtools-5.65.0.tgz",
      "integrity": "sha512-g5y7zc07U9D3esMdqUfTEVu9kMHoIaVBsD0+M3LPdAdD710RpTcLiNvJY1JkYXqkq9+NV+CQoemVNpQPBXVsJg==",
      "license": "MIT",
      "funding": {
        "type": "github",
        "url": "https://github.com/sponsors/tannerlinsley"
      }
    },
    "node_modules/@tanstack/react-query": {
      "version": "5.66.0",
      "resolved": "https://registry.npmjs.org/@tanstack/react-query/-/react-query-5.66.0.tgz",
      "integrity": "sha512-z3sYixFQJe8hndFnXgWu7C79ctL+pI0KAelYyW+khaNJ1m22lWrhJU2QrsTcRKMuVPtoZvfBYrTStIdKo+x0Xw==",
      "license": "MIT",
      "dependencies": {
        "@tanstack/query-core": "5.66.0"
      },
      "funding": {
        "type": "github",
        "url": "https://github.com/sponsors/tannerlinsley"
      },
      "peerDependencies": {
        "react": "^18 || ^19"
      }
    },
    "node_modules/@tanstack/react-query-devtools": {
      "version": "5.66.0",
      "resolved": "https://registry.npmjs.org/@tanstack/react-query-devtools/-/react-query-devtools-5.66.0.tgz",
      "integrity": "sha512-uB57wA2YZaQ2fPcFW0E9O1zAGDGSbRKRx84uMk/86VyU9jWVxvJ3Uzp+zNm+nZJYsuekCIo2opTdgNuvM3cKgA==",
      "license": "MIT",
      "dependencies": {
        "@tanstack/query-devtools": "5.65.0"
      },
      "funding": {
        "type": "github",
        "url": "https://github.com/sponsors/tannerlinsley"
      },
      "peerDependencies": {
        "@tanstack/react-query": "^5.66.0",
        "react": "^18 || ^19"
      }
    },
    "node_modules/framer-motion": {
      "version": "12.4.1",
      "resolved": "https://registry.npmjs.org/framer-motion/-/framer-motion-12.4.1.tgz",
      "integrity": "sha512-5Ijbea3topSZjadQ0hgc/TcWj2ldMZmNREM7RvAhvsThYOA1HHOA8TT1yKvMu1YXP3jWaFwoZ6Vo9Nw+DUZrzA==",
      "license": "MIT",
      "dependencies": {
        "motion-dom": "^12.0.0",
        "motion-utils": "^12.0.0",
        "tslib": "^2.4.0"
      },
      "peerDependencies": {
        "@emotion/is-prop-valid": "*",
        "react": "^18.0.0 || ^19.0.0",
        "react-dom": "^18.0.0 || ^19.0.0"
      },
      "peerDependenciesMeta": {
        "@emotion/is-prop-valid": {
          "optional": true
        },
        "react": {
          "optional": true
        },
        "react-dom": {
          "optional": true
        }
      }
    },
    "node_modules/motion-dom": {
      "version": "12.0.0",
      "resolved": "https://registry.npmjs.org/motion-dom/-/motion-dom-12.0.0.tgz",
      "integrity": "sha512-CvYd15OeIR6kHgMdonCc1ihsaUG4MYh/wrkz8gZ3hBX/uamyZCXN9S9qJoYF03GqfTt7thTV/dxnHYX4+55vDg==",
      "license": "MIT",
      "dependencies": {
        "motion-utils": "^12.0.0"
      }
    },
    "node_modules/motion-utils": {
      "version": "12.0.0",
      "resolved": "https://registry.npmjs.org/motion-utils/-/motion-utils-12.0.0.tgz",
      "integrity": "sha512-MNFiBKbbqnmvOjkPyOKgHUp3Q6oiokLkI1bEwm5QA28cxMZrv0CbbBGDNmhF6DIXsi1pCQBSs0dX8xjeER1tmA==",
      "license": "MIT"
    },
    "node_modules/react": {
      "version": "19.0.0",
      "resolved": "https://registry.npmjs.org/react/-/react-19.0.0.tgz",
      "integrity": "sha512-V8AVnmPIICiWpGfm6GLzCR/W5FXLchHop40W4nXBmdlEceh16rCN8O8LNWm5bh5XUX91fh7KpA+W0TgMKmgTpQ==",
      "license": "MIT",
      "peer": true,
      "engines": {
        "node": ">=0.10.0"
      }
    },
    "node_modules/tslib": {
      "version": "2.8.1",
      "resolved": "https://registry.npmjs.org/tslib/-/tslib-2.8.1.tgz",
      "integrity": "sha512-oJFu94HQb+KVduSUQL7wnpmqnfmLsOA/nAh6b6EH0wCEoK0/mPeXU6c3wKDV83MkOuHPRHtSXKKU99IBazS/2w==",
      "license": "0BSD"
    }
  }
}
